
Microsoft Visual Studio Solution File, Format Version 12.00
# Visual Studio Version 17
VisualStudioVersion = 17.3.32929.385
MinimumVisualStudioVersion = 10.0.40219.1
Project("{FAE04EC0-301F-11D3-BF4B-00C04F79EFBC}") = "WindowsFormsApp Stude Pokee", "WindowsFormsApp Stude Pokee\WindowsFormsApp Stude Pokee.csproj", "{ABD48BD4-36F4-4A22-9667-D0F4961333FF}"
EndProject
Global
	GlobalSection(SolutionConfigurationPlatforms) = preSolution
		Debug|Any CPU = Debug|Any CPU
		Release|Any CPU = Release|Any CPU
	EndGlobalSection
	GlobalSection(ProjectConfigurationPlatforms) = postSolution
		{ABD48BD4-36F4-4A22-9667-D0F4961333FF}.Debug|Any CPU.ActiveCfg = Debug|Any CPU
		{ABD48BD4-36F4-4A22-9667-D0F4961333FF}.Debug|Any CPU.Build.0 = Debug|Any CPU
		{ABD48BD4-36F4-4A22-9667-D0F4961333FF}.Release|Any CPU.ActiveCfg = Release|Any CPU
		{ABD48BD4-36F4-4A22-9667-D0F4961333FF}.Release|Any CPU.Build.0 = Release|Any CPU
	EndGlobalSection
	GlobalSection(SolutionProperties) = preSolution
		HideSolutionNode = FALSE
	EndGlobalSection
	GlobalSection(ExtensibilityGlobals) = postSolution
		SolutionGuid = {FE1C5010-96D3-4E74-B917-E924BBA020E7}
	EndGlobalSection
EndGlobal
